
Microsoft Visual Studio Solution File, Format Version 12.00
Project("{FAE04EC0-301F-11D3-BF4B-00C04F79EFBC}") = "BigFileProcessor", "BigFileProcessor\BigFileProcessor.csproj", "{2E918CBD-195F-493F-9B06-B49CF78D8D58}"
EndProject
Project("{2150E333-8FDC-42A3-9474-1A3956D46DE8}") = "SolutionItems", "SolutionItems", "{A1A29AB1-10C2-493A-B8E8-0F8C4C9B5619}"
	ProjectSection(SolutionItems) = preProject
		..\.gitignore = ..\.gitignore
		..\compose.yaml = ..\compose.yaml
		..\README.md = ..\README.md
	EndProjectSection
EndProject
Global
	GlobalSection(SolutionConfigurationPlatforms) = preSolution
		Debug|Any CPU = Debug|Any CPU
		Release|Any CPU = Release|Any CPU
	EndGlobalSection
	GlobalSection(ProjectConfigurationPlatforms) = postSolution
		{2E918CBD-195F-493F-9B06-B49CF78D8D58}.Debug|Any CPU.ActiveCfg = Debug|Any CPU
		{2E918CBD-195F-493F-9B06-B49CF78D8D58}.Debug|Any CPU.Build.0 = Debug|Any CPU
		{2E918CBD-195F-493F-9B06-B49CF78D8D58}.Release|Any CPU.ActiveCfg = Release|Any CPU
		{2E918CBD-195F-493F-9B06-B49CF78D8D58}.Release|Any CPU.Build.0 = Release|Any CPU
	EndGlobalSection
EndGlobal
